
Microsoft Visual Studio Solution File, Format Version 12.00
# Visual Studio Version 16
VisualStudioVersion = 16.0.29905.134
MinimumVisualStudioVersion = 10.0.40219.1
Project("{FAE04EC0-301F-11D3-BF4B-00C04F79EFBC}") = "MyTaskMaster", "MyTaskMaster\MyTaskMaster.csproj", "{6DC4DC67-B93E-4B18-8DB0-41D3F8CCBDBD}"
EndProject
Global
	GlobalSection(SolutionConfigurationPlatforms) = preSolution
		Debug|Any CPU = Debug|Any CPU
		Release|Any CPU = Release|Any CPU
	EndGlobalSection
	GlobalSection(ProjectConfigurationPlatforms) = postSolution
		{6DC4DC67-B93E-4B18-8DB0-41D3F8CCBDBD}.Debug|Any CPU.ActiveCfg = Debug|Any CPU
		{6DC4DC67-B93E-4B18-8DB0-41D3F8CCBDBD}.Debug|Any CPU.Build.0 = Debug|Any CPU
		{6DC4DC67-B93E-4B18-8DB0-41D3F8CCBDBD}.Release|Any CPU.ActiveCfg = Release|Any CPU
		{6DC4DC67-B93E-4B18-8DB0-41D3F8CCBDBD}.Release|Any CPU.Build.0 = Release|Any CPU
	EndGlobalSection
	GlobalSection(SolutionProperties) = preSolution
		HideSolutionNode = FALSE
	EndGlobalSection
	GlobalSection(ExtensibilityGlobals) = postSolution
		SolutionGuid = {91BFFF2D-81CF-491B-9596-26F3CD4C50AB}
	EndGlobalSection
EndGlobal
